
Microsoft Visual Studio Solution File, Format Version 12.00
# Visual Studio Version 16
VisualStudioVersion = 25.0.1706.12
MinimumVisualStudioVersion = 10.0.40219.1
Project("{FAE04EC0-301F-11D3-BF4B-00C04F79EFBC}") = "Task1A", "Task1A\Task1A.csproj", "{EEDCBABE-050A-46AF-BD4A-669800F1DB3A}"
EndProject
Project("{FAE04EC0-301F-11D3-BF4B-00C04F79EFBC}") = "Task1Bb", "Task1Bb\Task1Bb.csproj", "{A3061811-934A-43B2-88E3-7532E474BD8C}"
EndProject
Global
	GlobalSection(SolutionConfigurationPlatforms) = preSolution
		Debug|Any CPU = Debug|Any CPU
		Release|Any CPU = Release|Any CPU
	EndGlobalSection
	GlobalSection(ProjectConfigurationPlatforms) = postSolution
		{EEDCBABE-050A-46AF-BD4A-669800F1DB3A}.Debug|Any CPU.ActiveCfg = Debug|Any CPU
		{EEDCBABE-050A-46AF-BD4A-669800F1DB3A}.Debug|Any CPU.Build.0 = Debug|Any CPU
		{EEDCBABE-050A-46AF-BD4A-669800F1DB3A}.Release|Any CPU.ActiveCfg = Release|Any CPU
		{EEDCBABE-050A-46AF-BD4A-669800F1DB3A}.Release|Any CPU.Build.0 = Release|Any CPU
		{A3061811-934A-43B2-88E3-7532E474BD8C}.Debug|Any CPU.ActiveCfg = Debug|Any CPU
		{A3061811-934A-43B2-88E3-7532E474BD8C}.Debug|Any CPU.Build.0 = Debug|Any CPU
		{A3061811-934A-43B2-88E3-7532E474BD8C}.Release|Any CPU.ActiveCfg = Release|Any CPU
		{A3061811-934A-43B2-88E3-7532E474BD8C}.Release|Any CPU.Build.0 = Release|Any CPU
	EndGlobalSection
	GlobalSection(SolutionProperties) = preSolution
		HideSolutionNode = FALSE
	EndGlobalSection
	GlobalSection(ExtensibilityGlobals) = postSolution
		SolutionGuid = {AC5A24AB-267E-4A45-942B-912BDA40EAE9}
	EndGlobalSection
EndGlobal
