
Microsoft Visual Studio Solution File, Format Version 12.00
# Visual Studio Version 16
VisualStudioVersion = 25.0.1706.12
MinimumVisualStudioVersion = 10.0.40219.1
Project("{FAE04EC0-301F-11D3-BF4B-00C04F79EFBC}") = "Task1A", "Task1A\Task1A.csproj", "{EEDCBABE-050A-46AF-BD4A-669800F1DB3A}"
EndProject
Project("{FAE04EC0-301F-11D3-BF4B-00C04F79EFBC}") = "Task1Bb", "Task1Bb\Task1Bb.csproj", "{A3061811-934A-43B2-88E3-7532E474BD8C}"
EndProject
Project("{FAE04EC0-301F-11D3-BF4B-00C04F79EFBC}") = "Task 1.4 Practice", "Task 1.4 Practice\Task 1.4 Practice.csproj", "{E594FCFB-7033-4833-B4D7-37D89E29AADC}"
EndProject
Project("{FAE04EC0-301F-11D3-BF4B-00C04F79EFBC}") = "Task2.1", "Task2.1\Task2.1.csproj", "{41F336E4-21FF-42CF-97F3-C02068342AAF}"
EndProject
Project("{FAE04EC0-301F-11D3-BF4B-00C04F79EFBC}") = "Task 2.2", "Task 2.2\Task 2.2.csproj", "{86D74C3F-B6F1-4B55-879B-28C29206BFBC}"
EndProject
Project("{FAE04EC0-301F-11D3-BF4B-00C04F79EFBC}") = "Task 2.3", "Task 2.3\Task 2.3.csproj", "{04B7DAE1-7EE8-474B-95ED-2771E6FF73C8}"
EndProject
Project("{FAE04EC0-301F-11D3-BF4B-00C04F79EFBC}") = "Taskl 2.4", "Taskl 2.4\Taskl 2.4.csproj", "{CBFCAAD9-1F80-4F06-9BDD-9016236F3D76}"
EndProject
Project("{FAE04EC0-301F-11D3-BF4B-00C04F79EFBC}") = "Task2.5", "Task2.5\Task2.5.csproj", "{C400DD90-58C3-4D31-9539-F1E1D17B3205}"
EndProject
Project("{FAE04EC0-301F-11D3-BF4B-00C04F79EFBC}") = "Task2.6", "Task2.6\Task2.6.csproj", "{F44D9866-DEA1-45CC-8D58-0825A6007945}"
EndProject
Project("{2150E333-8FDC-42A3-9474-1A3956D46DE8}") = "Practice1", "Practice1", "{39CA0560-72AA-4B09-822D-699C61855B70}"
EndProject
Project("{2150E333-8FDC-42A3-9474-1A3956D46DE8}") = "Practice2", "Practice2", "{0DE60A77-667E-4551-B42A-12B8E09AB439}"
EndProject
Project("{FAE04EC0-301F-11D3-BF4B-00C04F79EFBC}") = "Practice2.Task1", "Practice2.Task1\Practice2.Task1.csproj", "{33B5720B-31F0-4ED0-9975-F64B002EF271}"
EndProject
Project("{FAE04EC0-301F-11D3-BF4B-00C04F79EFBC}") = "Practice2.Task2", "Practice2.Task1\Practice2.Task2\Practice2.Task2.csproj", "{B2BB4DC3-ADCE-459D-BE8A-C902A4B302A5}"
EndProject
Project("{FAE04EC0-301F-11D3-BF4B-00C04F79EFBC}") = "Practice2.Task3", "Practice2.Task1\Practice2.Task3\Practice2.Task3.csproj", "{E78827D7-DDC6-48E0-9346-1763DF640D0A}"
EndProject
Global
	GlobalSection(SolutionConfigurationPlatforms) = preSolution
		Debug|Any CPU = Debug|Any CPU
		Release|Any CPU = Release|Any CPU
		CheckIn|Any CPU = CheckIn|Any CPU
	EndGlobalSection
	GlobalSection(ProjectConfigurationPlatforms) = postSolution
		{EEDCBABE-050A-46AF-BD4A-669800F1DB3A}.Debug|Any CPU.ActiveCfg = Debug|Any CPU
		{EEDCBABE-050A-46AF-BD4A-669800F1DB3A}.Debug|Any CPU.Build.0 = Debug|Any CPU
		{EEDCBABE-050A-46AF-BD4A-669800F1DB3A}.Release|Any CPU.ActiveCfg = Release|Any CPU
		{EEDCBABE-050A-46AF-BD4A-669800F1DB3A}.Release|Any CPU.Build.0 = Release|Any CPU
		{EEDCBABE-050A-46AF-BD4A-669800F1DB3A}.CheckIn|Any CPU.ActiveCfg = Debug|Any CPU
		{EEDCBABE-050A-46AF-BD4A-669800F1DB3A}.CheckIn|Any CPU.Build.0 = Debug|Any CPU
		{A3061811-934A-43B2-88E3-7532E474BD8C}.Debug|Any CPU.ActiveCfg = Debug|Any CPU
		{A3061811-934A-43B2-88E3-7532E474BD8C}.Debug|Any CPU.Build.0 = Debug|Any CPU
		{A3061811-934A-43B2-88E3-7532E474BD8C}.Release|Any CPU.ActiveCfg = Release|Any CPU
		{A3061811-934A-43B2-88E3-7532E474BD8C}.Release|Any CPU.Build.0 = Release|Any CPU
		{A3061811-934A-43B2-88E3-7532E474BD8C}.CheckIn|Any CPU.ActiveCfg = Debug|Any CPU
		{A3061811-934A-43B2-88E3-7532E474BD8C}.CheckIn|Any CPU.Build.0 = Debug|Any CPU
		{E594FCFB-7033-4833-B4D7-37D89E29AADC}.Debug|Any CPU.ActiveCfg = Debug|Any CPU
		{E594FCFB-7033-4833-B4D7-37D89E29AADC}.Debug|Any CPU.Build.0 = Debug|Any CPU
		{E594FCFB-7033-4833-B4D7-37D89E29AADC}.Release|Any CPU.ActiveCfg = Release|Any CPU
		{E594FCFB-7033-4833-B4D7-37D89E29AADC}.Release|Any CPU.Build.0 = Release|Any CPU
		{E594FCFB-7033-4833-B4D7-37D89E29AADC}.CheckIn|Any CPU.ActiveCfg = Debug|Any CPU
		{E594FCFB-7033-4833-B4D7-37D89E29AADC}.CheckIn|Any CPU.Build.0 = Debug|Any CPU
		{41F336E4-21FF-42CF-97F3-C02068342AAF}.Debug|Any CPU.ActiveCfg = Debug|Any CPU
		{41F336E4-21FF-42CF-97F3-C02068342AAF}.Debug|Any CPU.Build.0 = Debug|Any CPU
		{41F336E4-21FF-42CF-97F3-C02068342AAF}.Release|Any CPU.ActiveCfg = Release|Any CPU
		{41F336E4-21FF-42CF-97F3-C02068342AAF}.Release|Any CPU.Build.0 = Release|Any CPU
		{41F336E4-21FF-42CF-97F3-C02068342AAF}.CheckIn|Any CPU.ActiveCfg = Debug|Any CPU
		{41F336E4-21FF-42CF-97F3-C02068342AAF}.CheckIn|Any CPU.Build.0 = Debug|Any CPU
		{86D74C3F-B6F1-4B55-879B-28C29206BFBC}.Debug|Any CPU.ActiveCfg = Debug|Any CPU
		{86D74C3F-B6F1-4B55-879B-28C29206BFBC}.Debug|Any CPU.Build.0 = Debug|Any CPU
		{86D74C3F-B6F1-4B55-879B-28C29206BFBC}.Release|Any CPU.ActiveCfg = Release|Any CPU
		{86D74C3F-B6F1-4B55-879B-28C29206BFBC}.Release|Any CPU.Build.0 = Release|Any CPU
		{86D74C3F-B6F1-4B55-879B-28C29206BFBC}.CheckIn|Any CPU.ActiveCfg = Debug|Any CPU
		{86D74C3F-B6F1-4B55-879B-28C29206BFBC}.CheckIn|Any CPU.Build.0 = Debug|Any CPU
		{04B7DAE1-7EE8-474B-95ED-2771E6FF73C8}.Debug|Any CPU.ActiveCfg = Debug|Any CPU
		{04B7DAE1-7EE8-474B-95ED-2771E6FF73C8}.Debug|Any CPU.Build.0 = Debug|Any CPU
		{04B7DAE1-7EE8-474B-95ED-2771E6FF73C8}.Release|Any CPU.ActiveCfg = Release|Any CPU
		{04B7DAE1-7EE8-474B-95ED-2771E6FF73C8}.Release|Any CPU.Build.0 = Release|Any CPU
		{04B7DAE1-7EE8-474B-95ED-2771E6FF73C8}.CheckIn|Any CPU.ActiveCfg = Debug|Any CPU
		{04B7DAE1-7EE8-474B-95ED-2771E6FF73C8}.CheckIn|Any CPU.Build.0 = Debug|Any CPU
		{CBFCAAD9-1F80-4F06-9BDD-9016236F3D76}.Debug|Any CPU.ActiveCfg = Debug|Any CPU
		{CBFCAAD9-1F80-4F06-9BDD-9016236F3D76}.Debug|Any CPU.Build.0 = Debug|Any CPU
		{CBFCAAD9-1F80-4F06-9BDD-9016236F3D76}.Release|Any CPU.ActiveCfg = Release|Any CPU
		{CBFCAAD9-1F80-4F06-9BDD-9016236F3D76}.Release|Any CPU.Build.0 = Release|Any CPU
		{CBFCAAD9-1F80-4F06-9BDD-9016236F3D76}.CheckIn|Any CPU.ActiveCfg = Debug|Any CPU
		{CBFCAAD9-1F80-4F06-9BDD-9016236F3D76}.CheckIn|Any CPU.Build.0 = Debug|Any CPU
		{C400DD90-58C3-4D31-9539-F1E1D17B3205}.Debug|Any CPU.ActiveCfg = Debug|Any CPU
		{C400DD90-58C3-4D31-9539-F1E1D17B3205}.Debug|Any CPU.Build.0 = Debug|Any CPU
		{C400DD90-58C3-4D31-9539-F1E1D17B3205}.Release|Any CPU.ActiveCfg = Release|Any CPU
		{C400DD90-58C3-4D31-9539-F1E1D17B3205}.Release|Any CPU.Build.0 = Release|Any CPU
		{C400DD90-58C3-4D31-9539-F1E1D17B3205}.CheckIn|Any CPU.ActiveCfg = Debug|Any CPU
		{C400DD90-58C3-4D31-9539-F1E1D17B3205}.CheckIn|Any CPU.Build.0 = Debug|Any CPU
		{F44D9866-DEA1-45CC-8D58-0825A6007945}.Debug|Any CPU.ActiveCfg = Debug|Any CPU
		{F44D9866-DEA1-45CC-8D58-0825A6007945}.Debug|Any CPU.Build.0 = Debug|Any CPU
		{F44D9866-DEA1-45CC-8D58-0825A6007945}.Release|Any CPU.ActiveCfg = Release|Any CPU
		{F44D9866-DEA1-45CC-8D58-0825A6007945}.Release|Any CPU.Build.0 = Release|Any CPU
		{F44D9866-DEA1-45CC-8D58-0825A6007945}.CheckIn|Any CPU.ActiveCfg = Debug|Any CPU
		{F44D9866-DEA1-45CC-8D58-0825A6007945}.CheckIn|Any CPU.Build.0 = Debug|Any CPU
		{33B5720B-31F0-4ED0-9975-F64B002EF271}.Debug|Any CPU.ActiveCfg = Debug|Any CPU
		{33B5720B-31F0-4ED0-9975-F64B002EF271}.Debug|Any CPU.Build.0 = Debug|Any CPU
		{33B5720B-31F0-4ED0-9975-F64B002EF271}.Release|Any CPU.ActiveCfg = Release|Any CPU
		{33B5720B-31F0-4ED0-9975-F64B002EF271}.Release|Any CPU.Build.0 = Release|Any CPU
		{33B5720B-31F0-4ED0-9975-F64B002EF271}.CheckIn|Any CPU.ActiveCfg = Debug|Any CPU
		{33B5720B-31F0-4ED0-9975-F64B002EF271}.CheckIn|Any CPU.Build.0 = Debug|Any CPU
		{B2BB4DC3-ADCE-459D-BE8A-C902A4B302A5}.Debug|Any CPU.ActiveCfg = Debug|Any CPU
		{B2BB4DC3-ADCE-459D-BE8A-C902A4B302A5}.Debug|Any CPU.Build.0 = Debug|Any CPU
		{B2BB4DC3-ADCE-459D-BE8A-C902A4B302A5}.Release|Any CPU.ActiveCfg = Release|Any CPU
		{B2BB4DC3-ADCE-459D-BE8A-C902A4B302A5}.Release|Any CPU.Build.0 = Release|Any CPU
		{B2BB4DC3-ADCE-459D-BE8A-C902A4B302A5}.CheckIn|Any CPU.ActiveCfg = Debug|Any CPU
		{B2BB4DC3-ADCE-459D-BE8A-C902A4B302A5}.CheckIn|Any CPU.Build.0 = Debug|Any CPU
		{E78827D7-DDC6-48E0-9346-1763DF640D0A}.Debug|Any CPU.ActiveCfg = Debug|Any CPU
		{E78827D7-DDC6-48E0-9346-1763DF640D0A}.Debug|Any CPU.Build.0 = Debug|Any CPU
		{E78827D7-DDC6-48E0-9346-1763DF640D0A}.Release|Any CPU.ActiveCfg = Release|Any CPU
		{E78827D7-DDC6-48E0-9346-1763DF640D0A}.Release|Any CPU.Build.0 = Release|Any CPU
		{E78827D7-DDC6-48E0-9346-1763DF640D0A}.CheckIn|Any CPU.ActiveCfg = Debug|Any CPU
		{E78827D7-DDC6-48E0-9346-1763DF640D0A}.CheckIn|Any CPU.Build.0 = Debug|Any CPU
	EndGlobalSection
	GlobalSection(SolutionProperties) = preSolution
		HideSolutionNode = FALSE
	EndGlobalSection
	GlobalSection(ExtensibilityGlobals) = postSolution
		SolutionGuid = {AC5A24AB-267E-4A45-942B-912BDA40EAE9}
	EndGlobalSection
	GlobalSection(NestedProjects) = preSolution
		{E594FCFB-7033-4833-B4D7-37D89E29AADC} = {39CA0560-72AA-4B09-822D-699C61855B70}
		{86D74C3F-B6F1-4B55-879B-28C29206BFBC} = {39CA0560-72AA-4B09-822D-699C61855B70}
		{04B7DAE1-7EE8-474B-95ED-2771E6FF73C8} = {39CA0560-72AA-4B09-822D-699C61855B70}
		{EEDCBABE-050A-46AF-BD4A-669800F1DB3A} = {39CA0560-72AA-4B09-822D-699C61855B70}
		{A3061811-934A-43B2-88E3-7532E474BD8C} = {39CA0560-72AA-4B09-822D-699C61855B70}
		{41F336E4-21FF-42CF-97F3-C02068342AAF} = {39CA0560-72AA-4B09-822D-699C61855B70}
		{C400DD90-58C3-4D31-9539-F1E1D17B3205} = {39CA0560-72AA-4B09-822D-699C61855B70}
		{F44D9866-DEA1-45CC-8D58-0825A6007945} = {39CA0560-72AA-4B09-822D-699C61855B70}
		{CBFCAAD9-1F80-4F06-9BDD-9016236F3D76} = {39CA0560-72AA-4B09-822D-699C61855B70}
		{33B5720B-31F0-4ED0-9975-F64B002EF271} = {0DE60A77-667E-4551-B42A-12B8E09AB439}
		{B2BB4DC3-ADCE-459D-BE8A-C902A4B302A5} = {0DE60A77-667E-4551-B42A-12B8E09AB439}
		{E78827D7-DDC6-48E0-9346-1763DF640D0A} = {0DE60A77-667E-4551-B42A-12B8E09AB439}
	EndGlobalSection
EndGlobal
